
Microsoft Visual Studio Solution File, Format Version 12.00
# Visual Studio Version 16
VisualStudioVersion = 16.0.29905.134
MinimumVisualStudioVersion = 10.0.40219.1
Project("{F184B08F-C81C-45F6-A57F-5ABD9991F28F}") = "TimeReminder", "TimeReminder\TimeReminder.vbproj", "{1F48C7EF-465F-42F7-B236-3F4ED509FFD3}"
EndProject
Global
	GlobalSection(SolutionConfigurationPlatforms) = preSolution
		Debug|Any CPU = Debug|Any CPU
		Release|Any CPU = Release|Any CPU
	EndGlobalSection
	GlobalSection(ProjectConfigurationPlatforms) = postSolution
		{1F48C7EF-465F-42F7-B236-3F4ED509FFD3}.Debug|Any CPU.ActiveCfg = Debug|Any CPU
		{1F48C7EF-465F-42F7-B236-3F4ED509FFD3}.Debug|Any CPU.Build.0 = Debug|Any CPU
		{1F48C7EF-465F-42F7-B236-3F4ED509FFD3}.Release|Any CPU.ActiveCfg = Release|Any CPU
		{1F48C7EF-465F-42F7-B236-3F4ED509FFD3}.Release|Any CPU.Build.0 = Release|Any CPU
	EndGlobalSection
	GlobalSection(SolutionProperties) = preSolution
		HideSolutionNode = FALSE
	EndGlobalSection
	GlobalSection(ExtensibilityGlobals) = postSolution
		SolutionGuid = {F2EB91B1-A262-4930-98A5-04B085DF3524}
	EndGlobalSection
EndGlobal
